
Microsoft Visual Studio Solution File, Format Version 12.00
# Visual Studio Version 16
VisualStudioVersion = 16.0.30621.155
MinimumVisualStudioVersion = 10.0.40219.1
Project("{FAE04EC0-301F-11D3-BF4B-00C04F79EFBC}") = "ImpMultiPath", "ImpMultiPath\ImpMultiPath.csproj", "{B99C786C-9C82-4654-9D29-F970607277BD}"
EndProject
Global
	GlobalSection(SolutionConfigurationPlatforms) = preSolution
		Debug|Any CPU = Debug|Any CPU
		Release|Any CPU = Release|Any CPU
	EndGlobalSection
	GlobalSection(ProjectConfigurationPlatforms) = postSolution
		{B99C786C-9C82-4654-9D29-F970607277BD}.Debug|Any CPU.ActiveCfg = Debug|Any CPU
		{B99C786C-9C82-4654-9D29-F970607277BD}.Debug|Any CPU.Build.0 = Debug|Any CPU
		{B99C786C-9C82-4654-9D29-F970607277BD}.Release|Any CPU.ActiveCfg = Release|Any CPU
		{B99C786C-9C82-4654-9D29-F970607277BD}.Release|Any CPU.Build.0 = Release|Any CPU
	EndGlobalSection
	GlobalSection(SolutionProperties) = preSolution
		HideSolutionNode = FALSE
	EndGlobalSection
	GlobalSection(ExtensibilityGlobals) = postSolution
		SolutionGuid = {37629260-94C3-4595-A442-D68B0699A045}
	EndGlobalSection
EndGlobal
